
Microsoft Visual Studio Solution File, Format Version 12.00
Project("{FAE04EC0-301F-11D3-BF4B-00C04F79EFBC}") = "WorkdayCalendar", "WorkdayCalendar\WorkdayCalendar.csproj", "{70C63DFC-5604-49D0-8905-79EC00EF5FA2}"
EndProject
Project("{FAE04EC0-301F-11D3-BF4B-00C04F79EFBC}") = "WorkdayCalendar.Tests", "WorkdayCalendar.Tests\WorkdayCalendar.Tests.csproj", "{12D921B1-0468-4E94-8497-86C1B1121F25}"
EndProject
Global
	GlobalSection(SolutionConfigurationPlatforms) = preSolution
		Debug|Any CPU = Debug|Any CPU
		Release|Any CPU = Release|Any CPU
	EndGlobalSection
	GlobalSection(ProjectConfigurationPlatforms) = postSolution
		{70C63DFC-5604-49D0-8905-79EC00EF5FA2}.Debug|Any CPU.ActiveCfg = Debug|Any CPU
		{70C63DFC-5604-49D0-8905-79EC00EF5FA2}.Debug|Any CPU.Build.0 = Debug|Any CPU
		{70C63DFC-5604-49D0-8905-79EC00EF5FA2}.Release|Any CPU.ActiveCfg = Release|Any CPU
		{70C63DFC-5604-49D0-8905-79EC00EF5FA2}.Release|Any CPU.Build.0 = Release|Any CPU
		{12D921B1-0468-4E94-8497-86C1B1121F25}.Debug|Any CPU.ActiveCfg = Debug|Any CPU
		{12D921B1-0468-4E94-8497-86C1B1121F25}.Debug|Any CPU.Build.0 = Debug|Any CPU
		{12D921B1-0468-4E94-8497-86C1B1121F25}.Release|Any CPU.ActiveCfg = Release|Any CPU
		{12D921B1-0468-4E94-8497-86C1B1121F25}.Release|Any CPU.Build.0 = Release|Any CPU
	EndGlobalSection
EndGlobal
